
Microsoft Visual Studio Solution File, Format Version 12.00
# Visual Studio 15
VisualStudioVersion = 15.0.28307.489
MinimumVisualStudioVersion = 10.0.40219.1
Project("{9A19103F-16F7-4668-BE54-9A1E7A4F7556}") = "ConsoleApp1", "ConsoleApp1\ConsoleApp1.csproj", "{D8350E99-AE8E-436E-B9C1-F649F0435C18}"
EndProject
Project("{FAE04EC0-301F-11D3-BF4B-00C04F79EFBC}") = "GeometricArea", "GeometricArea\GeometricArea.csproj", "{83BD40B7-31ED-4D7E-919F-313D9534433A}"
EndProject
Project("{FAE04EC0-301F-11D3-BF4B-00C04F79EFBC}") = "GeometricAreaTest", "GeometricAreaTest\GeometricAreaTest.csproj", "{4EBCA1DD-12EE-46D2-9E10-B12A5718139E}"
EndProject
Global
	GlobalSection(SolutionConfigurationPlatforms) = preSolution
		Debug|Any CPU = Debug|Any CPU
		Release|Any CPU = Release|Any CPU
	EndGlobalSection
	GlobalSection(ProjectConfigurationPlatforms) = postSolution
		{D8350E99-AE8E-436E-B9C1-F649F0435C18}.Debug|Any CPU.ActiveCfg = Debug|Any CPU
		{D8350E99-AE8E-436E-B9C1-F649F0435C18}.Debug|Any CPU.Build.0 = Debug|Any CPU
		{D8350E99-AE8E-436E-B9C1-F649F0435C18}.Release|Any CPU.ActiveCfg = Release|Any CPU
		{D8350E99-AE8E-436E-B9C1-F649F0435C18}.Release|Any CPU.Build.0 = Release|Any CPU
		{83BD40B7-31ED-4D7E-919F-313D9534433A}.Debug|Any CPU.ActiveCfg = Debug|Any CPU
		{83BD40B7-31ED-4D7E-919F-313D9534433A}.Debug|Any CPU.Build.0 = Debug|Any CPU
		{83BD40B7-31ED-4D7E-919F-313D9534433A}.Release|Any CPU.ActiveCfg = Release|Any CPU
		{83BD40B7-31ED-4D7E-919F-313D9534433A}.Release|Any CPU.Build.0 = Release|Any CPU
		{4EBCA1DD-12EE-46D2-9E10-B12A5718139E}.Debug|Any CPU.ActiveCfg = Debug|Any CPU
		{4EBCA1DD-12EE-46D2-9E10-B12A5718139E}.Debug|Any CPU.Build.0 = Debug|Any CPU
		{4EBCA1DD-12EE-46D2-9E10-B12A5718139E}.Release|Any CPU.ActiveCfg = Release|Any CPU
		{4EBCA1DD-12EE-46D2-9E10-B12A5718139E}.Release|Any CPU.Build.0 = Release|Any CPU
	EndGlobalSection
	GlobalSection(SolutionProperties) = preSolution
		HideSolutionNode = FALSE
	EndGlobalSection
	GlobalSection(ExtensibilityGlobals) = postSolution
		SolutionGuid = {FFD3EC3F-2037-4B0B-AF4C-24B15E8E1DB1}
	EndGlobalSection
EndGlobal
